<?xml version="1.0" encoding="UTF-8"?>
<Scheme
   LastUpgradeVersion = "0630"
   version = "2.0">
   <BuildAction
      parallelizeBuildables = "YES"
      buildImplicitDependencies = "YES">
      <BuildActionEntries>
         <BuildActionEntry
            buildForTesting = "YES"
            buildForRunning = "YES"
            buildForProfiling = "YES"
            buildForArchiving = "YES"
            buildForAnalyzing = "YES">
            <BuildableReference
               BuildableIdentifier = "primary"
               BlueprintIdentifier = "8FAF782C1B19D63200D7FFE5"
               BuildableName = "Calm WatchKit App.app"
               BlueprintName = "Calm WatchKit App"
               ReferencedContainer = "container:Calm.xcodeproj">
            </BuildableReference>
         </BuildActionEntry>
         <BuildActionEntry
            buildForTesting = "YES"
            buildForRunning = "YES"
            buildForProfiling = "YES"
            buildForArchiving = "YES"
            buildForAnalyzing = "YES">
            <BuildableReference
               BuildableIdentifier = "primary"
               BlueprintIdentifier = "8FAF781F1B19D63200D7FFE5"
               BuildableName = "Calm WatchKit Extension.appex"
               BlueprintName = "Calm WatchKit Extension"
               ReferencedContainer = "container:Calm.xcodeproj">
            </BuildableReference>
         </BuildActionEntry>
         <BuildActionEntry
            buildForTesting = "YES"
            buildForRunning = "YES"
            buildForProfiling = "YES"
            buildForArchiving = "YES"
            buildForAnalyzing = "YES">
            <BuildableReference
               BuildableIdentifier = "primary"
               BlueprintIdentifier = "8FAF77F61B19D61D00D7FFE5"
               BuildableName = "Calm.app"
               BlueprintName = "Calm"
               ReferencedContainer = "container:Calm.xcodeproj">
            </BuildableReference>
         </BuildActionEntry>
      </BuildActionEntries>
   </BuildAction>
   <TestAction
      selectedDebuggerIdentifier = "Xcode.DebuggerFoundation.Debugger.LLDB"
      selectedLauncherIdentifier = "Xcode.DebuggerFoundation.Launcher.LLDB"
      shouldUseLaunchSchemeArgsEnv = "YES"
      buildConfiguration = "Debug">
      <Testables>
      </Testables>
      <MacroExpansion>
         <BuildableReference
            BuildableIdentifier = "primary"
            BlueprintIdentifier = "8FAF782C1B19D63200D7FFE5"
            BuildableName = "Calm WatchKit App.app"
            BlueprintName = "Calm WatchKit App"
            ReferencedContainer = "container:Calm.xcodeproj">
         </BuildableReference>
      </MacroExpansion>
   </TestAction>
   <LaunchAction
      selectedDebuggerIdentifier = "Xcode.DebuggerFoundation.Debugger.LLDB"
      selectedLauncherIdentifier = "Xcode.DebuggerFoundation.Launcher.LLDB"
      launchStyle = "0"
      useCustomWorkingDirectory = "NO"
      buildConfiguration = "Debug"
      ignoresPersistentStateOnLaunch = "NO"
      debugDocumentVersioning = "YES"
      allowLocationSimulation = "YES"
      launchAutomaticallySubstyle = "8"
      notificationPayloadFile = "Calm WatchKit Extension/PushNotificationPayload.apns">
      <RemoteRunnable
         runnableDebuggingMode = "2"
         BundleIdentifier = "com.apple.springboard"
         RemotePath = "/Calm">
         <BuildableReference
            BuildableIdentifier = "primary"
            BlueprintIdentifier = "8FAF782C1B19D63200D7FFE5"
            BuildableName = "Calm WatchKit App.app"
            BlueprintName = "Calm WatchKit App"
            ReferencedContainer = "container:Calm.xcodeproj">
         </BuildableReference>
      </RemoteRunnable>
      <MacroExpansion>
         <BuildableReference
            BuildableIdentifier = "primary"
            BlueprintIdentifier = "8FAF782C1B19D63200D7FFE5"
            BuildableName = "Calm WatchKit App.app"
            BlueprintName = "Calm WatchKit App"
            ReferencedContainer = "container:Calm.xcodeproj">
         </BuildableReference>
      </MacroExpansion>
      <AdditionalOptions>
      </AdditionalOptions>
   </LaunchAction>
   <ProfileAction
      shouldUseLaunchSchemeArgsEnv = "YES"
      savedToolIdentifier = ""
      useCustomWorkingDirectory = "NO"
      buildConfiguration = "Release"
      debugDocumentVersioning = "YES"
      launchAutomaticallySubstyle = "8"
      notificationPayloadFile = "Calm WatchKit Extension/PushNotificationPayload.apns">
      <RemoteRunnable
         runnableDebuggingMode = "2"
         BundleIdentifier = "com.apple.springboard"
         RemotePath = "/Calm">
         <BuildableReference
            BuildableIdentifier = "primary"
            BlueprintIdentifier = "8FAF782C1B19D63200D7FFE5"
            BuildableName = "Calm WatchKit App.app"
            BlueprintName = "Calm WatchKit App"
            ReferencedContainer = "container:Calm.xcodeproj">
         </BuildableReference>
      </RemoteRunnable>
      <MacroExpansion>
         <BuildableReference
            BuildableIdentifier = "primary"
            BlueprintIdentifier = "8FAF782C1B19D63200D7FFE5"
            BuildableName = "Calm WatchKit App.app"
            BlueprintName = "Calm WatchKit App"
            ReferencedContainer = "container:Calm.xcodeproj">
         </BuildableReference>
      </MacroExpansion>
   </ProfileAction>
   <AnalyzeAction
      buildConfiguration = "Debug">
   </AnalyzeAction>
   <ArchiveAction
      buildConfiguration = "Release"
      revealArchiveInOrganizer = "YES">
   </ArchiveAction>
</Scheme>
